// !$*UTF8*$!
{
	archiveVersion = 1;
	classes = {
	};
	objectVersion = 46;
	objects = {

/* Begin PBXBuildFile section */
		A116FFDD1CAAEDE9004857EA /* DetailsVC.swift in Sources */ = {isa = PBXBuildFile; fileRef = A116FFDC1CAAEDE9004857EA /* DetailsVC.swift */; };
		A116FFDF1CAB1F8C004857EA /* Main.storyboard in Resources */ = {isa = PBXBuildFile; fileRef = A116FFDE1CAB1F8C004857EA /* Main.storyboard */; };
		A1891A4A1CA9ECD700E104D8 /* AppDelegate.swift in Sources */ = {isa = PBXBuildFile; fileRef = A1891A491CA9ECD700E104D8 /* AppDelegate.swift */; };
		A1891A4C1CA9ECD700E104D8 /* ViewController.swift in Sources */ = {isa = PBXBuildFile; fileRef = A1891A4B1CA9ECD700E104D8 /* ViewController.swift */; };
		A1891A521CA9ECD700E104D8 /* favMovies.xcdatamodeld in Sources */ = {isa = PBXBuildFile; fileRef = A1891A501CA9ECD700E104D8 /* favMovies.xcdatamodeld */; };
		A1891A541CA9ECD700E104D8 /* Assets.xcassets in Resources */ = {isa = PBXBuildFile; fileRef = A1891A531CA9ECD700E104D8 /* Assets.xcassets */; };
		A1891A571CA9ECD700E104D8 /* LaunchScreen.storyboard in Resources */ = {isa = PBXBuildFile; fileRef = A1891A551CA9ECD700E104D8 /* LaunchScreen.storyboard */; };
		A1891A631CAA05BD00E104D8 /* Movie+CoreDataProperties.swift in Sources */ = {isa = PBXBuildFile; fileRef = A1891A611CAA05BD00E104D8 /* Movie+CoreDataProperties.swift */; };
		A1891A641CAA05BD00E104D8 /* Movie.swift in Sources */ = {isa = PBXBuildFile; fileRef = A1891A621CAA05BD00E104D8 /* Movie.swift */; };
		A1891A661CAA0A2400E104D8 /* MovieCell.swift in Sources */ = {isa = PBXBuildFile; fileRef = A1891A651CAA0A2400E104D8 /* MovieCell.swift */; };
		A1891A681CAA107300E104D8 /* CreateNewMovieVC.swift in Sources */ = {isa = PBXBuildFile; fileRef = A1891A671CAA107200E104D8 /* CreateNewMovieVC.swift */; };
/* End PBXBuildFile section */

/* Begin PBXFileReference section */
		A116FFDC1CAAEDE9004857EA /* DetailsVC.swift */ = {isa = PBXFileReference; fileEncoding = 4; lastKnownFileType = sourcecode.swift; path = DetailsVC.swift; sourceTree = "<group>"; };
		A116FFDE1CAB1F8C004857EA /* Main.storyboard */ = {isa = PBXFileReference; fileEncoding = 4; lastKnownFileType = file.storyboard; path = Main.storyboard; sourceTree = "<group>"; };
		A1891A461CA9ECD700E104D8 /* favMovies.app */ = {isa = PBXFileReference; explicitFileType = wrapper.application; includeInIndex = 0; path = favMovies.app; sourceTree = BUILT_PRODUCTS_DIR; };
		A1891A491CA9ECD700E104D8 /* AppDelegate.swift */ = {isa = PBXFileReference; lastKnownFileType = sourcecode.swift; path = AppDelegate.swift; sourceTree = "<group>"; };
		A1891A4B1CA9ECD700E104D8 /* ViewController.swift */ = {isa = PBXFileReference; lastKnownFileType = sourcecode.swift; path = ViewController.swift; sourceTree = "<group>"; };
		A1891A511CA9ECD700E104D8 /* favMovies.xcdatamodel */ = {isa = PBXFileReference; lastKnownFileType = wrapper.xcdatamodel; path = favMovies.xcdatamodel; sourceTree = "<group>"; };
		A1891A531CA9ECD700E104D8 /* Assets.xcassets */ = {isa = PBXFileReference; lastKnownFileType = folder.assetcatalog; path = Assets.xcassets; sourceTree = "<group>"; };
		A1891A561CA9ECD700E104D8 /* Base */ = {isa = PBXFileReference; lastKnownFileType = file.storyboard; name = Base; path = Base.lproj/LaunchScreen.storyboard; sourceTree = "<group>"; };
		A1891A581CA9ECD700E104D8 /* Info.plist */ = {isa = PBXFileReference; lastKnownFileType = text.plist.xml; path = Info.plist; sourceTree = "<group>"; };
		A1891A611CAA05BD00E104D8 /* Movie+CoreDataProperties.swift */ = {isa = PBXFileReference; fileEncoding = 4; lastKnownFileType = sourcecode.swift; name = "Movie+CoreDataProperties.swift"; path = "../Movie+CoreDataProperties.swift"; sourceTree = "<group>"; };
		A1891A621CAA05BD00E104D8 /* Movie.swift */ = {isa = PBXFileReference; fileEncoding = 4; lastKnownFileType = sourcecode.swift; name = Movie.swift; path = ../Movie.swift; sourceTree = "<group>"; };
		A1891A651CAA0A2400E104D8 /* MovieCell.swift */ = {isa = PBXFileReference; fileEncoding = 4; lastKnownFileType = sourcecode.swift; path = MovieCell.swift; sourceTree = "<group>"; };
		A1891A671CAA107200E104D8 /* CreateNewMovieVC.swift */ = {isa = PBXFileReference; fileEncoding = 4; lastKnownFileType = sourcecode.swift; path = CreateNewMovieVC.swift; sourceTree = "<group>"; };
/* End PBXFileReference section */

/* Begin PBXFrameworksBuildPhase section */
		A1891A431CA9ECD700E104D8 /* Frameworks */ = {
			isa = PBXFrameworksBuildPhase;
			buildActionMask = 2147483647;
			files = (
			);
			runOnlyForDeploymentPostprocessing = 0;
		};
/* End PBXFrameworksBuildPhase section */

/* Begin PBXGroup section */
		A1891A3D1CA9ECD600E104D8 = {
			isa = PBXGroup;
			children = (
				A1891A481CA9ECD700E104D8 /* favMovies */,
				A1891A471CA9ECD700E104D8 /* Products */,
			);
			sourceTree = "<group>";
		};
		A1891A471CA9ECD700E104D8 /* Products */ = {
			isa = PBXGroup;
			children = (
				A1891A461CA9ECD700E104D8 /* favMovies.app */,
			);
			name = Products;
			sourceTree = "<group>";
		};
		A1891A481CA9ECD700E104D8 /* favMovies */ = {
			isa = PBXGroup;
			children = (
				A1891A5E1CAA04D800E104D8 /* Model */,
				A1891A5F1CAA04E400E104D8 /* View */,
				A1891A601CAA04EC00E104D8 /* Controller */,
				A1891A491CA9ECD700E104D8 /* AppDelegate.swift */,
				A1891A531CA9ECD700E104D8 /* Assets.xcassets */,
				A1891A581CA9ECD700E104D8 /* Info.plist */,
				A1891A501CA9ECD700E104D8 /* favMovies.xcdatamodeld */,
			);
			path = favMovies;
			sourceTree = "<group>";
		};
		A1891A5E1CAA04D800E104D8 /* Model */ = {
			isa = PBXGroup;
			children = (
				A1891A611CAA05BD00E104D8 /* Movie+CoreDataProperties.swift */,
				A1891A621CAA05BD00E104D8 /* Movie.swift */,
			);
			name = Model;
			sourceTree = "<group>";
		};
		A1891A5F1CAA04E400E104D8 /* View */ = {
			isa = PBXGroup;
			children = (
				A1891A551CA9ECD700E104D8 /* LaunchScreen.storyboard */,
				A116FFDE1CAB1F8C004857EA /* Main.storyboard */,
				A1891A651CAA0A2400E104D8 /* MovieCell.swift */,
			);
			name = View;
			sourceTree = "<group>";
		};
		A1891A601CAA04EC00E104D8 /* Controller */ = {
			isa = PBXGroup;
			children = (
				A1891A4B1CA9ECD700E104D8 /* ViewController.swift */,
				A1891A671CAA107200E104D8 /* CreateNewMovieVC.swift */,
				A116FFDC1CAAEDE9004857EA /* DetailsVC.swift */,
			);
			name = Controller;
			sourceTree = "<group>";
		};
/* End PBXGroup section */

/* Begin PBXNativeTarget section */
		A1891A451CA9ECD700E104D8 /* favMovies */ = {
			isa = PBXNativeTarget;
			buildConfigurationList = A1891A5B1CA9ECD700E104D8 /* Build configuration list for PBXNativeTarget "favMovies" */;
			buildPhases = (
				A1891A421CA9ECD700E104D8 /* Sources */,
				A1891A431CA9ECD700E104D8 /* Frameworks */,
				A1891A441CA9ECD700E104D8 /* Resources */,
			);
			buildRules = (
			);
			dependencies = (
			);
			name = favMovies;
			productName = favMovies;
			productReference = A1891A461CA9ECD700E104D8 /* favMovies.app */;
			productType = "com.apple.product-type.application";
		};
/* End PBXNativeTarget section */

/* Begin PBXProject section */
		A1891A3E1CA9ECD600E104D8 /* Project object */ = {
			isa = PBXProject;
			attributes = {
				LastSwiftUpdateCheck = 0720;
				LastUpgradeCheck = 0720;
				ORGANIZATIONNAME = "Chris Hovey";
				TargetAttributes = {
					A1891A451CA9ECD700E104D8 = {
						CreatedOnToolsVersion = 7.2;
						DevelopmentTeam = 3723XBBGR7;
					};
				};
			};
			buildConfigurationList = A1891A411CA9ECD600E104D8 /* Build configuration list for PBXProject "favMovies" */;
			compatibilityVersion = "Xcode 3.2";
			developmentRegion = English;
			hasScannedForEncodings = 0;
			knownRegions = (
				en,
				Base,
			);
			mainGroup = A1891A3D1CA9ECD600E104D8;
			productRefGroup = A1891A471CA9ECD700E104D8 /* Products */;
			projectDirPath = "";
			projectRoot = "";
			targets = (
				A1891A451CA9ECD700E104D8 /* favMovies */,
			);
		};
/* End PBXProject section */

/* Begin PBXResourcesBuildPhase section */
		A1891A441CA9ECD700E104D8 /* Resources */ = {
			isa = PBXResourcesBuildPhase;
			buildActionMask = 2147483647;
			files = (
				A116FFDF1CAB1F8C004857EA /* Main.storyboard in Resources */,
				A1891A571CA9ECD700E104D8 /* LaunchScreen.storyboard in Resources */,
				A1891A541CA9ECD700E104D8 /* Assets.xcassets in Resources */,
			);
			runOnlyForDeploymentPostprocessing = 0;
		};
/* End PBXResourcesBuildPhase section */

/* Begin PBXSourcesBuildPhase section */
		A1891A421CA9ECD700E104D8 /* Sources */ = {
			isa = PBXSourcesBuildPhase;
			buildActionMask = 2147483647;
			files = (
				A1891A631CAA05BD00E104D8 /* Movie+CoreDataProperties.swift in Sources */,
				A116FFDD1CAAEDE9004857EA /* DetailsVC.swift in Sources */,
				A1891A4C1CA9ECD700E104D8 /* ViewController.swift in Sources */,
				A1891A661CAA0A2400E104D8 /* MovieCell.swift in Sources */,
				A1891A4A1CA9ECD700E104D8 /* AppDelegate.swift in Sources */,
				A1891A681CAA107300E104D8 /* CreateNewMovieVC.swift in Sources */,
				A1891A521CA9ECD700E104D8 /* favMovies.xcdatamodeld in Sources */,
				A1891A641CAA05BD00E104D8 /* Movie.swift in Sources */,
			);
			runOnlyForDeploymentPostprocessing = 0;
		};
/* End PBXSourcesBuildPhase section */

/* Begin PBXVariantGroup section */
		A1891A551CA9ECD700E104D8 /* LaunchScreen.storyboard */ = {
			isa = PBXVariantGroup;
			children = (
				A1891A561CA9ECD700E104D8 /* Base */,
			);
			name = LaunchScreen.storyboard;
			sourceTree = "<group>";
		};
/* End PBXVariantGroup section */

/* Begin XCBuildConfiguration section */
		A1891A591CA9ECD700E104D8 /* Debug */ = {
			isa = XCBuildConfiguration;
			buildSettings = {
				ALWAYS_SEARCH_USER_PATHS = NO;
				CLANG_CXX_LANGUAGE_STANDARD = "gnu++0x";
				CLANG_CXX_LIBRARY = "libc++";
				CLANG_ENABLE_MODULES = YES;
				CLANG_ENABLE_OBJC_ARC = YES;
				CLANG_WARN_BOOL_CONVERSION = YES;
				CLANG_WARN_CONSTANT_CONVERSION = YES;
				CLANG_WARN_DIRECT_OBJC_ISA_USAGE = YES_ERROR;
				CLANG_WARN_EMPTY_BODY = YES;
				CLANG_WARN_ENUM_CONVERSION = YES;
				CLANG_WARN_INT_CONVERSION = YES;
				CLANG_WARN_OBJC_ROOT_CLASS = YES_ERROR;
				CLANG_WARN_UNREACHABLE_CODE = YES;
				CLANG_WARN__DUPLICATE_METHOD_MATCH = YES;
				"CODE_SIGN_IDENTITY[sdk=iphoneos*]" = "iPhone Developer";
				COPY_PHASE_STRIP = NO;
				DEBUG_INFORMATION_FORMAT = dwarf;
				ENABLE_STRICT_OBJC_MSGSEND = YES;
				ENABLE_TESTABILITY = YES;
				GCC_C_LANGUAGE_STANDARD = gnu99;
				GCC_DYNAMIC_NO_PIC = NO;
				GCC_NO_COMMON_BLOCKS = YES;
				GCC_OPTIMIZATION_LEVEL = 0;
				GCC_PREPROCESSOR_DEFINITIONS = (
					"DEBUG=1",
					"$(inherited)",
				);
				GCC_WARN_64_TO_32_BIT_CONVERSION = YES;
				GCC_WARN_ABOUT_RETURN_TYPE = YES_ERROR;
				GCC_WARN_UNDECLARED_SELECTOR = YES;
				GCC_WARN_UNINITIALIZED_AUTOS = YES_AGGRESSIVE;
				GCC_WARN_UNUSED_FUNCTION = YES;
				GCC_WARN_UNUSED_VARIABLE = YES;
				IPHONEOS_DEPLOYMENT_TARGET = 9.2;
				MTL_ENABLE_DEBUG_INFO = YES;
				ONLY_ACTIVE_ARCH = YES;
				SDKROOT = iphoneos;
				SWIFT_OPTIMIZATION_LEVEL = "-Onone";
				TARGETED_DEVICE_FAMILY = "1,2";
			};
			name = Debug;
		};
		A1891A5A1CA9ECD700E104D8 /* Release */ = {
			isa = XCBuildConfiguration;
			buildSettings = {
				ALWAYS_SEARCH_USER_PATHS = NO;
				CLANG_CXX_LANGUAGE_STANDARD = "gnu++0x";
				CLANG_CXX_LIBRARY = "libc++";
				CLANG_ENABLE_MODULES = YES;
				CLANG_ENABLE_OBJC_ARC = YES;
				CLANG_WARN_BOOL_CONVERSION = YES;
				CLANG_WARN_CONSTANT_CONVERSION = YES;
				CLANG_WARN_DIRECT_OBJC_ISA_USAGE = YES_ERROR;
				CLANG_WARN_EMPTY_BODY = YES;
				CLANG_WARN_ENUM_CONVERSION = YES;
				CLANG_WARN_INT_CONVERSION = YES;
				CLANG_WARN_OBJC_ROOT_CLASS = YES_ERROR;
				CLANG_WARN_UNREACHABLE_CODE = YES;
				CLANG_WARN__DUPLICATE_METHOD_MATCH = YES;
				"CODE_SIGN_IDENTITY[sdk=iphoneos*]" = "iPhone Developer";
				COPY_PHASE_STRIP = NO;
				DEBUG_INFORMATION_FORMAT = "dwarf-with-dsym";
				ENABLE_NS_ASSERTIONS = NO;
				ENABLE_STRICT_OBJC_MSGSEND = YES;
				GCC_C_LANGUAGE_STANDARD = gnu99;
				GCC_NO_COMMON_BLOCKS = YES;
				GCC_WARN_64_TO_32_BIT_CONVERSION = YES;
				GCC_WARN_ABOUT_RETURN_TYPE = YES_ERROR;
				GCC_WARN_UNDECLARED_SELECTOR = YES;
				GCC_WARN_UNINITIALIZED_AUTOS = YES_AGGRESSIVE;
				GCC_WARN_UNUSED_FUNCTION = YES;
				GCC_WARN_UNUSED_VARIABLE = YES;
				IPHONEOS_DEPLOYMENT_TARGET = 9.2;
				MTL_ENABLE_DEBUG_INFO = NO;
				SDKROOT = iphoneos;
				TARGETED_DEVICE_FAMILY = "1,2";
				VALIDATE_PRODUCT = YES;
			};
			name = Release;
		};
		A1891A5C1CA9ECD700E104D8 /* Debug */ = {
			isa = XCBuildConfiguration;
			buildSettings = {
				ASSETCATALOG_COMPILER_APPICON_NAME = AppIcon;
				INFOPLIST_FILE = favMovies/Info.plist;
				LD_RUNPATH_SEARCH_PATHS = "$(inherited) @executable_path/Frameworks";
				PRODUCT_BUNDLE_IDENTIFIER = com.chrishovey.favMovies;
				PRODUCT_NAME = "$(TARGET_NAME)";
			};
			name = Debug;
		};
		A1891A5D1CA9ECD700E104D8 /* Release */ = {
			isa = XCBuildConfiguration;
			buildSettings = {
				ASSETCATALOG_COMPILER_APPICON_NAME = AppIcon;
				INFOPLIST_FILE = favMovies/Info.plist;
				LD_RUNPATH_SEARCH_PATHS = "$(inherited) @executable_path/Frameworks";
				PRODUCT_BUNDLE_IDENTIFIER = com.chrishovey.favMovies;
				PRODUCT_NAME = "$(TARGET_NAME)";
			};
			name = Release;
		};
/* End XCBuildConfiguration section */

/* Begin XCConfigurationList section */
		A1891A411CA9ECD600E104D8 /* Build configuration list for PBXProject "favMovies" */ = {
			isa = XCConfigurationList;
			buildConfigurations = (
				A1891A591CA9ECD700E104D8 /* Debug */,
				A1891A5A1CA9ECD700E104D8 /* Release */,
			);
			defaultConfigurationIsVisible = 0;
			defaultConfigurationName = Release;
		};
		A1891A5B1CA9ECD700E104D8 /* Build configuration list for PBXNativeTarget "favMovies" */ = {
			isa = XCConfigurationList;
			buildConfigurations = (
				A1891A5C1CA9ECD700E104D8 /* Debug */,
				A1891A5D1CA9ECD700E104D8 /* Release */,
			);
			defaultConfigurationIsVisible = 0;
			defaultConfigurationName = Release;
		};
/* End XCConfigurationList section */

/* Begin XCVersionGroup section */
		A1891A501CA9ECD700E104D8 /* favMovies.xcdatamodeld */ = {
			isa = XCVersionGroup;
			children = (
				A1891A511CA9ECD700E104D8 /* favMovies.xcdatamodel */,
			);
			currentVersion = A1891A511CA9ECD700E104D8 /* favMovies.xcdatamodel */;
			path = favMovies.xcdatamodeld;
			sourceTree = "<group>";
			versionGroupType = wrapper.xcdatamodel;
		};
/* End XCVersionGroup section */
	};
	rootObject = A1891A3E1CA9ECD600E104D8 /* Project object */;
}
